
Microsoft Visual Studio Solution File, Format Version 12.00
# Visual Studio Version 16
VisualStudioVersion = 16.0.31729.503
MinimumVisualStudioVersion = 10.0.40219.1
Project("{FAE04EC0-301F-11D3-BF4B-00C04F79EFBC}") = "lab18", "lab18\lab18.csproj", "{042866F0-2970-44B9-86A5-11A5D1D3AAE5}"
EndProject
Global
	GlobalSection(SolutionConfigurationPlatforms) = preSolution
		Debug|Any CPU = Debug|Any CPU
		Release|Any CPU = Release|Any CPU
	EndGlobalSection
	GlobalSection(ProjectConfigurationPlatforms) = postSolution
		{042866F0-2970-44B9-86A5-11A5D1D3AAE5}.Debug|Any CPU.ActiveCfg = Debug|Any CPU
		{042866F0-2970-44B9-86A5-11A5D1D3AAE5}.Debug|Any CPU.Build.0 = Debug|Any CPU
		{042866F0-2970-44B9-86A5-11A5D1D3AAE5}.Release|Any CPU.ActiveCfg = Release|Any CPU
		{042866F0-2970-44B9-86A5-11A5D1D3AAE5}.Release|Any CPU.Build.0 = Release|Any CPU
	EndGlobalSection
	GlobalSection(SolutionProperties) = preSolution
		HideSolutionNode = FALSE
	EndGlobalSection
	GlobalSection(ExtensibilityGlobals) = postSolution
		SolutionGuid = {373B11C8-46F5-42FC-AE06-EDF700F19FD6}
	EndGlobalSection
EndGlobal
